
Microsoft Visual Studio Solution File, Format Version 12.00
# Visual Studio Version 17
VisualStudioVersion = 17.5.33502.453
MinimumVisualStudioVersion = 10.0.40219.1
Project("{8BC9CEB8-8B4A-11D0-8D11-00A0C91BC942}") = "GLAUX", "GLAUX\GLAUX.vcxproj", "{136D2E8E-2CA8-470B-B1A5-998B9A2F7B97}"
EndProject
Global
	GlobalSection(SolutionConfigurationPlatforms) = preSolution
		Debug|x64 = Debug|x64
		Debug|x86 = Debug|x86
		Release|x64 = Release|x64
		Release|x86 = Release|x86
	EndGlobalSection
	GlobalSection(ProjectConfigurationPlatforms) = postSolution
		{136D2E8E-2CA8-470B-B1A5-998B9A2F7B97}.Debug|x64.ActiveCfg = Debug|x64
		{136D2E8E-2CA8-470B-B1A5-998B9A2F7B97}.Debug|x64.Build.0 = Debug|x64
		{136D2E8E-2CA8-470B-B1A5-998B9A2F7B97}.Debug|x86.ActiveCfg = Debug|Win32
		{136D2E8E-2CA8-470B-B1A5-998B9A2F7B97}.Debug|x86.Build.0 = Debug|Win32
		{136D2E8E-2CA8-470B-B1A5-998B9A2F7B97}.Release|x64.ActiveCfg = Release|x64
		{136D2E8E-2CA8-470B-B1A5-998B9A2F7B97}.Release|x64.Build.0 = Release|x64
		{136D2E8E-2CA8-470B-B1A5-998B9A2F7B97}.Release|x86.ActiveCfg = Release|Win32
		{136D2E8E-2CA8-470B-B1A5-998B9A2F7B97}.Release|x86.Build.0 = Release|Win32
	EndGlobalSection
	GlobalSection(SolutionProperties) = preSolution
		HideSolutionNode = FALSE
	EndGlobalSection
	GlobalSection(ExtensibilityGlobals) = postSolution
		SolutionGuid = {7DD0382C-64D4-4BAE-9932-60937090D8DE}
	EndGlobalSection
EndGlobal
